# This file is automatically @generated by Cargo.
# It is not intended for manual editing.
version = 4

[[package]]
name = "cryptotehnolog-common"
version = "0.1.0"

[[package]]
name = "cryptotehnolog-ingestion"
version = "0.1.0"
dependencies = [
 "cryptotehnolog-common",
]

[[package]]
name = "cryptotehnolog-replay"
version = "0.1.0"
dependencies = [
 "cryptotehnolog-common",
]
